
Microsoft Visual Studio Solution File, Format Version 12.00
# Visual Studio 15
VisualStudioVersion = 15.0.28010.2026
MinimumVisualStudioVersion = 10.0.40219.1
Project("{9A19103F-16F7-4668-BE54-9A1E7A4F7556}") = "YoYo.Castle.Log4Net", "src\YoYo.Castle.Log4Net\YoYo.Castle.Log4Net.csproj", "{5ED3A730-4C2C-4904-8601-7BCEE946212A}"
EndProject
Project("{9A19103F-16F7-4668-BE54-9A1E7A4F7556}") = "YoYo.SenparcWX", "src\YoYo.SenparcWX\YoYo.SenparcWX.csproj", "{8613DBFE-2E2B-4595-AC29-B144A555BD54}"
EndProject
Project("{9A19103F-16F7-4668-BE54-9A1E7A4F7556}") = "YoYo.SenparcWX.MP", "src\YoYo.SenparcWX.MP\YoYo.SenparcWX.MP.csproj", "{6F050163-D7D1-4F37-AC9D-8A9CBB4D7982}"
EndProject
Project("{9A19103F-16F7-4668-BE54-9A1E7A4F7556}") = "YoYo.SenparcWX.Open", "src\YoYo.SenparcWX.Open\YoYo.SenparcWX.Open.csproj", "{66D26DBD-2B50-4EFA-AAAF-2E674E0E810E}"
EndProject
Project("{9A19103F-16F7-4668-BE54-9A1E7A4F7556}") = "YoYo.SenparcWX.TenPay", "src\YoYo.SenparcWX.TenPay\YoYo.SenparcWX.TenPay.csproj", "{D0C1FBC8-20B2-4FF5-82D4-0E6D3DE0BA94}"
EndProject
Project("{9A19103F-16F7-4668-BE54-9A1E7A4F7556}") = "YoYo.SenparcWX.Work", "src\YoYo.SenparcWX.Work\YoYo.SenparcWX.Work.csproj", "{CC23D22D-2DE0-4D44-A1A2-6FB449390599}"
EndProject
Project("{9A19103F-16F7-4668-BE54-9A1E7A4F7556}") = "YoYo.SenparcWX.WxOpen", "src\YoYo.SenparcWX.WxOpen\YoYo.SenparcWX.WxOpen.csproj", "{BA3DFF16-F200-41D7-AD61-80A6126A847D}"
EndProject
Project("{2150E333-8FDC-42A3-9474-1A3956D46DE8}") = "wechat", "wechat", "{0CB8EEE8-64F4-4A96-96DE-46BB6A3790D1}"
EndProject
Project("{2150E333-8FDC-42A3-9474-1A3956D46DE8}") = "Solution Items", "Solution Items", "{9F0F7CFE-714A-4D96-AE83-3A8F7DE5D753}"
	ProjectSection(SolutionItems) = preProject
		nupkg\pack_demo.ps1 = nupkg\pack_demo.ps1
	EndProjectSection
EndProject
Global
	GlobalSection(SolutionConfigurationPlatforms) = preSolution
		Debug|Any CPU = Debug|Any CPU
		Release|Any CPU = Release|Any CPU
	EndGlobalSection
	GlobalSection(ProjectConfigurationPlatforms) = postSolution
		{5ED3A730-4C2C-4904-8601-7BCEE946212A}.Debug|Any CPU.ActiveCfg = Debug|Any CPU
		{5ED3A730-4C2C-4904-8601-7BCEE946212A}.Debug|Any CPU.Build.0 = Debug|Any CPU
		{5ED3A730-4C2C-4904-8601-7BCEE946212A}.Release|Any CPU.ActiveCfg = Release|Any CPU
		{5ED3A730-4C2C-4904-8601-7BCEE946212A}.Release|Any CPU.Build.0 = Release|Any CPU
		{8613DBFE-2E2B-4595-AC29-B144A555BD54}.Debug|Any CPU.ActiveCfg = Debug|Any CPU
		{8613DBFE-2E2B-4595-AC29-B144A555BD54}.Debug|Any CPU.Build.0 = Debug|Any CPU
		{8613DBFE-2E2B-4595-AC29-B144A555BD54}.Release|Any CPU.ActiveCfg = Release|Any CPU
		{8613DBFE-2E2B-4595-AC29-B144A555BD54}.Release|Any CPU.Build.0 = Release|Any CPU
		{6F050163-D7D1-4F37-AC9D-8A9CBB4D7982}.Debug|Any CPU.ActiveCfg = Debug|Any CPU
		{6F050163-D7D1-4F37-AC9D-8A9CBB4D7982}.Debug|Any CPU.Build.0 = Debug|Any CPU
		{6F050163-D7D1-4F37-AC9D-8A9CBB4D7982}.Release|Any CPU.ActiveCfg = Release|Any CPU
		{6F050163-D7D1-4F37-AC9D-8A9CBB4D7982}.Release|Any CPU.Build.0 = Release|Any CPU
		{66D26DBD-2B50-4EFA-AAAF-2E674E0E810E}.Debug|Any CPU.ActiveCfg = Debug|Any CPU
		{66D26DBD-2B50-4EFA-AAAF-2E674E0E810E}.Debug|Any CPU.Build.0 = Debug|Any CPU
		{66D26DBD-2B50-4EFA-AAAF-2E674E0E810E}.Release|Any CPU.ActiveCfg = Release|Any CPU
		{66D26DBD-2B50-4EFA-AAAF-2E674E0E810E}.Release|Any CPU.Build.0 = Release|Any CPU
		{D0C1FBC8-20B2-4FF5-82D4-0E6D3DE0BA94}.Debug|Any CPU.ActiveCfg = Debug|Any CPU
		{D0C1FBC8-20B2-4FF5-82D4-0E6D3DE0BA94}.Debug|Any CPU.Build.0 = Debug|Any CPU
		{D0C1FBC8-20B2-4FF5-82D4-0E6D3DE0BA94}.Release|Any CPU.ActiveCfg = Release|Any CPU
		{D0C1FBC8-20B2-4FF5-82D4-0E6D3DE0BA94}.Release|Any CPU.Build.0 = Release|Any CPU
		{CC23D22D-2DE0-4D44-A1A2-6FB449390599}.Debug|Any CPU.ActiveCfg = Debug|Any CPU
		{CC23D22D-2DE0-4D44-A1A2-6FB449390599}.Debug|Any CPU.Build.0 = Debug|Any CPU
		{CC23D22D-2DE0-4D44-A1A2-6FB449390599}.Release|Any CPU.ActiveCfg = Release|Any CPU
		{CC23D22D-2DE0-4D44-A1A2-6FB449390599}.Release|Any CPU.Build.0 = Release|Any CPU
		{BA3DFF16-F200-41D7-AD61-80A6126A847D}.Debug|Any CPU.ActiveCfg = Debug|Any CPU
		{BA3DFF16-F200-41D7-AD61-80A6126A847D}.Debug|Any CPU.Build.0 = Debug|Any CPU
		{BA3DFF16-F200-41D7-AD61-80A6126A847D}.Release|Any CPU.ActiveCfg = Release|Any CPU
		{BA3DFF16-F200-41D7-AD61-80A6126A847D}.Release|Any CPU.Build.0 = Release|Any CPU
	EndGlobalSection
	GlobalSection(SolutionProperties) = preSolution
		HideSolutionNode = FALSE
	EndGlobalSection
	GlobalSection(NestedProjects) = preSolution
		{8613DBFE-2E2B-4595-AC29-B144A555BD54} = {0CB8EEE8-64F4-4A96-96DE-46BB6A3790D1}
		{6F050163-D7D1-4F37-AC9D-8A9CBB4D7982} = {0CB8EEE8-64F4-4A96-96DE-46BB6A3790D1}
		{66D26DBD-2B50-4EFA-AAAF-2E674E0E810E} = {0CB8EEE8-64F4-4A96-96DE-46BB6A3790D1}
		{D0C1FBC8-20B2-4FF5-82D4-0E6D3DE0BA94} = {0CB8EEE8-64F4-4A96-96DE-46BB6A3790D1}
		{CC23D22D-2DE0-4D44-A1A2-6FB449390599} = {0CB8EEE8-64F4-4A96-96DE-46BB6A3790D1}
		{BA3DFF16-F200-41D7-AD61-80A6126A847D} = {0CB8EEE8-64F4-4A96-96DE-46BB6A3790D1}
	EndGlobalSection
	GlobalSection(ExtensibilityGlobals) = postSolution
		SolutionGuid = {9640CD94-FB8E-49E7-9D66-AE0FA2DA0F89}
	EndGlobalSection
EndGlobal
