
Microsoft Visual Studio Solution File, Format Version 12.00
# Visual Studio 15
VisualStudioVersion = 15.0.28010.2026
MinimumVisualStudioVersion = 10.0.40219.1
Project("{2150E333-8FDC-42A3-9474-1A3956D46DE8}") = "src", "src", "{67CB7B0E-CCB3-4E2B-833F-1D8F05CCB583}"
EndProject
Project("{9A19103F-16F7-4668-BE54-9A1E7A4F7556}") = "YoYo.Castle.Log4Net", "src\YoYo.Castle.Log4Net\YoYo.Castle.Log4Net.csproj", "{5ED3A730-4C2C-4904-8601-7BCEE946212A}"
EndProject
Project("{2150E333-8FDC-42A3-9474-1A3956D46DE8}") = "wechat", "wechat", "{6906C9CD-5797-48D2-AD81-F2CA6D74A620}"
EndProject
Project("{9A19103F-16F7-4668-BE54-9A1E7A4F7556}") = "YoYo.SenparcWX.TenPay", "src\wechat\YoYo.SenparcWX.TenPay\YoYo.SenparcWX.TenPay.csproj", "{6BB5C0AE-AD63-45DD-A37B-9D1478AB4F39}"
EndProject
Project("{9A19103F-16F7-4668-BE54-9A1E7A4F7556}") = "YoYo.SenparcWX", "src\wechat\YoYo.SenparcWX\YoYo.SenparcWX.csproj", "{EA77BEA8-5E66-46A7-9D2A-89DFE4E6C7A8}"
EndProject
Project("{9A19103F-16F7-4668-BE54-9A1E7A4F7556}") = "YoYo.SenparcWX.MP", "src\wechat\YoYo.SenparcWX.MP\YoYo.SenparcWX.MP.csproj", "{A1B5978A-BD0C-4079-828C-66227919E429}"
EndProject
Project("{9A19103F-16F7-4668-BE54-9A1E7A4F7556}") = "YoYo.SenparcWX.Work", "src\wechat\YoYo.SenparcWX.Work\YoYo.SenparcWX.Work.csproj", "{98D20248-995E-412D-A582-8A5C365CE339}"
EndProject
Project("{9A19103F-16F7-4668-BE54-9A1E7A4F7556}") = "YoYo.SenparcWX.WxOpen", "src\wechat\YoYo.SenparcWX.WxOpen\YoYo.SenparcWX.WxOpen.csproj", "{2A7279C8-B45A-4535-980C-D07689072FDA}"
EndProject
Project("{FAE04EC0-301F-11D3-BF4B-00C04F79EFBC}") = "YoYo.SenparcWX.Open", "src\wechat\YoYo.SenparcWX.Open\YoYo.SenparcWX.Open.csproj", "{614815D7-229B-414F-B1C9-B6254B14CCAD}"
EndProject
Global
	GlobalSection(SolutionConfigurationPlatforms) = preSolution
		Debug|Any CPU = Debug|Any CPU
		Release|Any CPU = Release|Any CPU
	EndGlobalSection
	GlobalSection(ProjectConfigurationPlatforms) = postSolution
		{5ED3A730-4C2C-4904-8601-7BCEE946212A}.Debug|Any CPU.ActiveCfg = Debug|Any CPU
		{5ED3A730-4C2C-4904-8601-7BCEE946212A}.Debug|Any CPU.Build.0 = Debug|Any CPU
		{5ED3A730-4C2C-4904-8601-7BCEE946212A}.Release|Any CPU.ActiveCfg = Release|Any CPU
		{5ED3A730-4C2C-4904-8601-7BCEE946212A}.Release|Any CPU.Build.0 = Release|Any CPU
		{6BB5C0AE-AD63-45DD-A37B-9D1478AB4F39}.Debug|Any CPU.ActiveCfg = Debug|Any CPU
		{6BB5C0AE-AD63-45DD-A37B-9D1478AB4F39}.Debug|Any CPU.Build.0 = Debug|Any CPU
		{6BB5C0AE-AD63-45DD-A37B-9D1478AB4F39}.Release|Any CPU.ActiveCfg = Release|Any CPU
		{6BB5C0AE-AD63-45DD-A37B-9D1478AB4F39}.Release|Any CPU.Build.0 = Release|Any CPU
		{EA77BEA8-5E66-46A7-9D2A-89DFE4E6C7A8}.Debug|Any CPU.ActiveCfg = Debug|Any CPU
		{EA77BEA8-5E66-46A7-9D2A-89DFE4E6C7A8}.Debug|Any CPU.Build.0 = Debug|Any CPU
		{EA77BEA8-5E66-46A7-9D2A-89DFE4E6C7A8}.Release|Any CPU.ActiveCfg = Release|Any CPU
		{EA77BEA8-5E66-46A7-9D2A-89DFE4E6C7A8}.Release|Any CPU.Build.0 = Release|Any CPU
		{A1B5978A-BD0C-4079-828C-66227919E429}.Debug|Any CPU.ActiveCfg = Debug|Any CPU
		{A1B5978A-BD0C-4079-828C-66227919E429}.Debug|Any CPU.Build.0 = Debug|Any CPU
		{A1B5978A-BD0C-4079-828C-66227919E429}.Release|Any CPU.ActiveCfg = Release|Any CPU
		{A1B5978A-BD0C-4079-828C-66227919E429}.Release|Any CPU.Build.0 = Release|Any CPU
		{98D20248-995E-412D-A582-8A5C365CE339}.Debug|Any CPU.ActiveCfg = Debug|Any CPU
		{98D20248-995E-412D-A582-8A5C365CE339}.Debug|Any CPU.Build.0 = Debug|Any CPU
		{98D20248-995E-412D-A582-8A5C365CE339}.Release|Any CPU.ActiveCfg = Release|Any CPU
		{98D20248-995E-412D-A582-8A5C365CE339}.Release|Any CPU.Build.0 = Release|Any CPU
		{2A7279C8-B45A-4535-980C-D07689072FDA}.Debug|Any CPU.ActiveCfg = Debug|Any CPU
		{2A7279C8-B45A-4535-980C-D07689072FDA}.Debug|Any CPU.Build.0 = Debug|Any CPU
		{2A7279C8-B45A-4535-980C-D07689072FDA}.Release|Any CPU.ActiveCfg = Release|Any CPU
		{2A7279C8-B45A-4535-980C-D07689072FDA}.Release|Any CPU.Build.0 = Release|Any CPU
		{614815D7-229B-414F-B1C9-B6254B14CCAD}.Debug|Any CPU.ActiveCfg = Debug|Any CPU
		{614815D7-229B-414F-B1C9-B6254B14CCAD}.Debug|Any CPU.Build.0 = Debug|Any CPU
		{614815D7-229B-414F-B1C9-B6254B14CCAD}.Release|Any CPU.ActiveCfg = Release|Any CPU
		{614815D7-229B-414F-B1C9-B6254B14CCAD}.Release|Any CPU.Build.0 = Release|Any CPU
	EndGlobalSection
	GlobalSection(SolutionProperties) = preSolution
		HideSolutionNode = FALSE
	EndGlobalSection
	GlobalSection(NestedProjects) = preSolution
		{5ED3A730-4C2C-4904-8601-7BCEE946212A} = {67CB7B0E-CCB3-4E2B-833F-1D8F05CCB583}
		{6906C9CD-5797-48D2-AD81-F2CA6D74A620} = {67CB7B0E-CCB3-4E2B-833F-1D8F05CCB583}
		{6BB5C0AE-AD63-45DD-A37B-9D1478AB4F39} = {6906C9CD-5797-48D2-AD81-F2CA6D74A620}
		{EA77BEA8-5E66-46A7-9D2A-89DFE4E6C7A8} = {6906C9CD-5797-48D2-AD81-F2CA6D74A620}
		{A1B5978A-BD0C-4079-828C-66227919E429} = {6906C9CD-5797-48D2-AD81-F2CA6D74A620}
		{98D20248-995E-412D-A582-8A5C365CE339} = {6906C9CD-5797-48D2-AD81-F2CA6D74A620}
		{2A7279C8-B45A-4535-980C-D07689072FDA} = {6906C9CD-5797-48D2-AD81-F2CA6D74A620}
		{614815D7-229B-414F-B1C9-B6254B14CCAD} = {6906C9CD-5797-48D2-AD81-F2CA6D74A620}
	EndGlobalSection
	GlobalSection(ExtensibilityGlobals) = postSolution
		SolutionGuid = {9640CD94-FB8E-49E7-9D66-AE0FA2DA0F89}
	EndGlobalSection
EndGlobal
